
Microsoft Visual Studio Solution File, Format Version 12.00
# Visual Studio Version 17
VisualStudioVersion = 17.11.35312.102
MinimumVisualStudioVersion = 10.0.40219.1
Project("{FAE04EC0-301F-11D3-BF4B-00C04F79EFBC}") = "Pattern", "Pattern\Pattern.csproj", "{3333AB63-A2CB-41DA-913D-BEDFE1EC6B1C}"
EndProject
Global
	GlobalSection(SolutionConfigurationPlatforms) = preSolution
		Debug|Any CPU = Debug|Any CPU
		Release|Any CPU = Release|Any CPU
	EndGlobalSection
	GlobalSection(ProjectConfigurationPlatforms) = postSolution
		{3333AB63-A2CB-41DA-913D-BEDFE1EC6B1C}.Debug|Any CPU.ActiveCfg = Debug|Any CPU
		{3333AB63-A2CB-41DA-913D-BEDFE1EC6B1C}.Debug|Any CPU.Build.0 = Debug|Any CPU
		{3333AB63-A2CB-41DA-913D-BEDFE1EC6B1C}.Release|Any CPU.ActiveCfg = Release|Any CPU
		{3333AB63-A2CB-41DA-913D-BEDFE1EC6B1C}.Release|Any CPU.Build.0 = Release|Any CPU
	EndGlobalSection
	GlobalSection(SolutionProperties) = preSolution
		HideSolutionNode = FALSE
	EndGlobalSection
	GlobalSection(ExtensibilityGlobals) = postSolution
		SolutionGuid = {DDBAC1A1-C3EE-459C-BA82-6D28FAF5AB6E}
	EndGlobalSection
EndGlobal
